
Microsoft Visual Studio Solution File, Format Version 12.00
# Visual Studio Version 16
VisualStudioVersion = 16.0.31729.503
MinimumVisualStudioVersion = 10.0.40219.1
Project("{FAE04EC0-301F-11D3-BF4B-00C04F79EFBC}") = "Practical_WAD", "Practical_WAD\Practical_WAD.csproj", "{2643A54F-5D13-4A6C-87CF-551B14241B72}"
EndProject
Global
	GlobalSection(SolutionConfigurationPlatforms) = preSolution
		Debug|Any CPU = Debug|Any CPU
		Release|Any CPU = Release|Any CPU
	EndGlobalSection
	GlobalSection(ProjectConfigurationPlatforms) = postSolution
		{2643A54F-5D13-4A6C-87CF-551B14241B72}.Debug|Any CPU.ActiveCfg = Debug|Any CPU
		{2643A54F-5D13-4A6C-87CF-551B14241B72}.Debug|Any CPU.Build.0 = Debug|Any CPU
		{2643A54F-5D13-4A6C-87CF-551B14241B72}.Release|Any CPU.ActiveCfg = Release|Any CPU
		{2643A54F-5D13-4A6C-87CF-551B14241B72}.Release|Any CPU.Build.0 = Release|Any CPU
	EndGlobalSection
	GlobalSection(SolutionProperties) = preSolution
		HideSolutionNode = FALSE
	EndGlobalSection
	GlobalSection(ExtensibilityGlobals) = postSolution
		SolutionGuid = {FC18B4A6-4598-4B85-8E6E-9727E45C92A0}
	EndGlobalSection
EndGlobal
